
Microsoft Visual Studio Solution File, Format Version 12.00
# Visual Studio Version 16
VisualStudioVersion = 16.0.29519.181
MinimumVisualStudioVersion = 10.0.40219.1
Project("{FAE04EC0-301F-11D3-BF4B-00C04F79EFBC}") = "GithubConnent", "GithubConnent\GithubConnent.csproj", "{65CE8EAB-7057-4284-ADF0-93D533D3C3B0}"
EndProject
Global
	GlobalSection(SolutionConfigurationPlatforms) = preSolution
		Debug|Any CPU = Debug|Any CPU
		Release|Any CPU = Release|Any CPU
	EndGlobalSection
	GlobalSection(ProjectConfigurationPlatforms) = postSolution
		{65CE8EAB-7057-4284-ADF0-93D533D3C3B0}.Debug|Any CPU.ActiveCfg = Debug|Any CPU
		{65CE8EAB-7057-4284-ADF0-93D533D3C3B0}.Debug|Any CPU.Build.0 = Debug|Any CPU
		{65CE8EAB-7057-4284-ADF0-93D533D3C3B0}.Release|Any CPU.ActiveCfg = Release|Any CPU
		{65CE8EAB-7057-4284-ADF0-93D533D3C3B0}.Release|Any CPU.Build.0 = Release|Any CPU
	EndGlobalSection
	GlobalSection(SolutionProperties) = preSolution
		HideSolutionNode = FALSE
	EndGlobalSection
	GlobalSection(ExtensibilityGlobals) = postSolution
		SolutionGuid = {70A46CBD-3E64-4B13-89C9-CB473F22A3C8}
	EndGlobalSection
EndGlobal
